
Microsoft Visual Studio Solution File, Format Version 12.00
# Visual Studio Version 17
VisualStudioVersion = 17.5.002.0
MinimumVisualStudioVersion = 10.0.40219.1
Project("{9A19103F-16F7-4668-BE54-9A1E7A4F7556}") = "Task21", "Task22_таблица_квадратов\Task21.csproj", "{6BFA2394-FBF9-4226-9D42-D46668D7F525}"
EndProject
Project("{9A19103F-16F7-4668-BE54-9A1E7A4F7556}") = "Task20", "Task20_расстояние 2д\Task20.csproj", "{83CF6F0B-FBED-4F21-93DB-DB07B2E99744}"
EndProject
Project("{9A19103F-16F7-4668-BE54-9A1E7A4F7556}") = "Task03", "Task03\Task03.csproj", "{0CBB8EB2-647C-4722-815D-329BCECAB66B}"
EndProject
Project("{9A19103F-16F7-4668-BE54-9A1E7A4F7556}") = "Task04", "Task04\Task04.csproj", "{93225540-009C-4BAF-98B8-F46024AEDFAC}"
EndProject
Project("{9A19103F-16F7-4668-BE54-9A1E7A4F7556}") = "Task05", "Task05\Task05.csproj", "{A3236E0E-03F1-4804-B2AB-85FAD46DE6EA}"
EndProject
Project("{9A19103F-16F7-4668-BE54-9A1E7A4F7556}") = "Task02", "Task02\Task02.csproj", "{D38A23A5-401C-4EED-836C-C9B6EFD8E1EB}"
EndProject
Project("{9A19103F-16F7-4668-BE54-9A1E7A4F7556}") = "Task11", "Task11\Task11.csproj", "{D100B0FC-410A-4539-AE7F-29FCCA8A5E3A}"
EndProject
Project("{9A19103F-16F7-4668-BE54-9A1E7A4F7556}") = "Task16", "Task16\Task16.csproj", "{39D4FF56-ABA1-48BC-8416-703C3A279EDA}"
EndProject
Project("{9A19103F-16F7-4668-BE54-9A1E7A4F7556}") = "Task10", "Task10\Task10.csproj", "{626E2ED4-1BCB-451A-8D13-9D290815D4FF}"
EndProject
Project("{9A19103F-16F7-4668-BE54-9A1E7A4F7556}") = "Task18", "Task18_диапазон_координат\Task18.csproj", "{3605FFA1-6A6C-4F10-A4CE-F8C3B1CD9E8E}"
EndProject
Project("{9A19103F-16F7-4668-BE54-9A1E7A4F7556}") = "sandbox", "sandbox\sandbox.csproj", "{A1E86EAE-D879-427F-9F95-045895120FD1}"
EndProject
Project("{9A19103F-16F7-4668-BE54-9A1E7A4F7556}") = "Task07", "Task07\Task07.csproj", "{2E0DFD4F-88AF-425A-BE7D-BE93EAB89829}"
EndProject
Project("{9A19103F-16F7-4668-BE54-9A1E7A4F7556}") = "Task00", "Task00\Task00.csproj", "{EC042927-2EE8-48D8-935B-51EA42E660A1}"
EndProject
Project("{9A19103F-16F7-4668-BE54-9A1E7A4F7556}") = "Task09", "Task09\Task09.csproj", "{A3AAED46-FCDD-4445-A047-5443BA342D2B}"
EndProject
Project("{9A19103F-16F7-4668-BE54-9A1E7A4F7556}") = "Task08", "Task08\Task08.csproj", "{FBE895FE-2B04-404D-ABC6-C2BDDED9EC72}"
EndProject
Project("{9A19103F-16F7-4668-BE54-9A1E7A4F7556}") = "Task01", "Task01\Task01.csproj", "{88E89C69-139C-4F46-9EC5-FF6236C0E5B0}"
EndProject
Project("{9A19103F-16F7-4668-BE54-9A1E7A4F7556}") = "Task06", "Task06\Task06.csproj", "{61CEE94D-CB4B-4CB6-8767-F4C6D6B2ED7A}"
EndProject
Project("{9A19103F-16F7-4668-BE54-9A1E7A4F7556}") = "Task19_палиндром", "Task19_палиндром\Task19_палиндром.csproj", "{3B655B7A-CB62-41FA-93B9-9094C46297B5}"
EndProject
Project("{9A19103F-16F7-4668-BE54-9A1E7A4F7556}") = "Task15", "Task15\Task15.csproj", "{E0F9596E-0478-46C2-A2CB-EDFAB541633C}"
EndProject
Project("{9A19103F-16F7-4668-BE54-9A1E7A4F7556}") = "Task12", "Task12\Task12.csproj", "{9D11CD01-A331-4E52-8027-5AB8DE2AE4A9}"
EndProject
Project("{9A19103F-16F7-4668-BE54-9A1E7A4F7556}") = "Task17", "Task17_система координат\Task17.csproj", "{00B21CE3-49E0-49E3-B156-CDB84197AC9F}"
EndProject
Project("{9A19103F-16F7-4668-BE54-9A1E7A4F7556}") = "Task13", "Task13\Task13.csproj", "{678435D5-FCF6-4F74-A77D-94ADC891E094}"
EndProject
Project("{9A19103F-16F7-4668-BE54-9A1E7A4F7556}") = "Task14", "Task14\Task14.csproj", "{AE6C71F6-C8AB-422B-9E92-A0E20D803B4E}"
EndProject
Global
	GlobalSection(SolutionConfigurationPlatforms) = preSolution
		Debug|Any CPU = Debug|Any CPU
		Release|Any CPU = Release|Any CPU
	EndGlobalSection
	GlobalSection(ProjectConfigurationPlatforms) = postSolution
		{6BFA2394-FBF9-4226-9D42-D46668D7F525}.Debug|Any CPU.ActiveCfg = Debug|Any CPU
		{6BFA2394-FBF9-4226-9D42-D46668D7F525}.Debug|Any CPU.Build.0 = Debug|Any CPU
		{6BFA2394-FBF9-4226-9D42-D46668D7F525}.Release|Any CPU.ActiveCfg = Release|Any CPU
		{6BFA2394-FBF9-4226-9D42-D46668D7F525}.Release|Any CPU.Build.0 = Release|Any CPU
		{83CF6F0B-FBED-4F21-93DB-DB07B2E99744}.Debug|Any CPU.ActiveCfg = Debug|Any CPU
		{83CF6F0B-FBED-4F21-93DB-DB07B2E99744}.Debug|Any CPU.Build.0 = Debug|Any CPU
		{83CF6F0B-FBED-4F21-93DB-DB07B2E99744}.Release|Any CPU.ActiveCfg = Release|Any CPU
		{83CF6F0B-FBED-4F21-93DB-DB07B2E99744}.Release|Any CPU.Build.0 = Release|Any CPU
		{0CBB8EB2-647C-4722-815D-329BCECAB66B}.Debug|Any CPU.ActiveCfg = Debug|Any CPU
		{0CBB8EB2-647C-4722-815D-329BCECAB66B}.Debug|Any CPU.Build.0 = Debug|Any CPU
		{0CBB8EB2-647C-4722-815D-329BCECAB66B}.Release|Any CPU.ActiveCfg = Release|Any CPU
		{0CBB8EB2-647C-4722-815D-329BCECAB66B}.Release|Any CPU.Build.0 = Release|Any CPU
		{93225540-009C-4BAF-98B8-F46024AEDFAC}.Debug|Any CPU.ActiveCfg = Debug|Any CPU
		{93225540-009C-4BAF-98B8-F46024AEDFAC}.Debug|Any CPU.Build.0 = Debug|Any CPU
		{93225540-009C-4BAF-98B8-F46024AEDFAC}.Release|Any CPU.ActiveCfg = Release|Any CPU
		{93225540-009C-4BAF-98B8-F46024AEDFAC}.Release|Any CPU.Build.0 = Release|Any CPU
		{A3236E0E-03F1-4804-B2AB-85FAD46DE6EA}.Debug|Any CPU.ActiveCfg = Debug|Any CPU
		{A3236E0E-03F1-4804-B2AB-85FAD46DE6EA}.Debug|Any CPU.Build.0 = Debug|Any CPU
		{A3236E0E-03F1-4804-B2AB-85FAD46DE6EA}.Release|Any CPU.ActiveCfg = Release|Any CPU
		{A3236E0E-03F1-4804-B2AB-85FAD46DE6EA}.Release|Any CPU.Build.0 = Release|Any CPU
		{D38A23A5-401C-4EED-836C-C9B6EFD8E1EB}.Debug|Any CPU.ActiveCfg = Debug|Any CPU
		{D38A23A5-401C-4EED-836C-C9B6EFD8E1EB}.Debug|Any CPU.Build.0 = Debug|Any CPU
		{D38A23A5-401C-4EED-836C-C9B6EFD8E1EB}.Release|Any CPU.ActiveCfg = Release|Any CPU
		{D38A23A5-401C-4EED-836C-C9B6EFD8E1EB}.Release|Any CPU.Build.0 = Release|Any CPU
		{D100B0FC-410A-4539-AE7F-29FCCA8A5E3A}.Debug|Any CPU.ActiveCfg = Debug|Any CPU
		{D100B0FC-410A-4539-AE7F-29FCCA8A5E3A}.Debug|Any CPU.Build.0 = Debug|Any CPU
		{D100B0FC-410A-4539-AE7F-29FCCA8A5E3A}.Release|Any CPU.ActiveCfg = Release|Any CPU
		{D100B0FC-410A-4539-AE7F-29FCCA8A5E3A}.Release|Any CPU.Build.0 = Release|Any CPU
		{39D4FF56-ABA1-48BC-8416-703C3A279EDA}.Debug|Any CPU.ActiveCfg = Debug|Any CPU
		{39D4FF56-ABA1-48BC-8416-703C3A279EDA}.Debug|Any CPU.Build.0 = Debug|Any CPU
		{39D4FF56-ABA1-48BC-8416-703C3A279EDA}.Release|Any CPU.ActiveCfg = Release|Any CPU
		{39D4FF56-ABA1-48BC-8416-703C3A279EDA}.Release|Any CPU.Build.0 = Release|Any CPU
		{626E2ED4-1BCB-451A-8D13-9D290815D4FF}.Debug|Any CPU.ActiveCfg = Debug|Any CPU
		{626E2ED4-1BCB-451A-8D13-9D290815D4FF}.Debug|Any CPU.Build.0 = Debug|Any CPU
		{626E2ED4-1BCB-451A-8D13-9D290815D4FF}.Release|Any CPU.ActiveCfg = Release|Any CPU
		{626E2ED4-1BCB-451A-8D13-9D290815D4FF}.Release|Any CPU.Build.0 = Release|Any CPU
		{3605FFA1-6A6C-4F10-A4CE-F8C3B1CD9E8E}.Debug|Any CPU.ActiveCfg = Debug|Any CPU
		{3605FFA1-6A6C-4F10-A4CE-F8C3B1CD9E8E}.Debug|Any CPU.Build.0 = Debug|Any CPU
		{3605FFA1-6A6C-4F10-A4CE-F8C3B1CD9E8E}.Release|Any CPU.ActiveCfg = Release|Any CPU
		{3605FFA1-6A6C-4F10-A4CE-F8C3B1CD9E8E}.Release|Any CPU.Build.0 = Release|Any CPU
		{A1E86EAE-D879-427F-9F95-045895120FD1}.Debug|Any CPU.ActiveCfg = Debug|Any CPU
		{A1E86EAE-D879-427F-9F95-045895120FD1}.Debug|Any CPU.Build.0 = Debug|Any CPU
		{A1E86EAE-D879-427F-9F95-045895120FD1}.Release|Any CPU.ActiveCfg = Release|Any CPU
		{A1E86EAE-D879-427F-9F95-045895120FD1}.Release|Any CPU.Build.0 = Release|Any CPU
		{2E0DFD4F-88AF-425A-BE7D-BE93EAB89829}.Debug|Any CPU.ActiveCfg = Debug|Any CPU
		{2E0DFD4F-88AF-425A-BE7D-BE93EAB89829}.Debug|Any CPU.Build.0 = Debug|Any CPU
		{2E0DFD4F-88AF-425A-BE7D-BE93EAB89829}.Release|Any CPU.ActiveCfg = Release|Any CPU
		{2E0DFD4F-88AF-425A-BE7D-BE93EAB89829}.Release|Any CPU.Build.0 = Release|Any CPU
		{EC042927-2EE8-48D8-935B-51EA42E660A1}.Debug|Any CPU.ActiveCfg = Debug|Any CPU
		{EC042927-2EE8-48D8-935B-51EA42E660A1}.Debug|Any CPU.Build.0 = Debug|Any CPU
		{EC042927-2EE8-48D8-935B-51EA42E660A1}.Release|Any CPU.ActiveCfg = Release|Any CPU
		{EC042927-2EE8-48D8-935B-51EA42E660A1}.Release|Any CPU.Build.0 = Release|Any CPU
		{A3AAED46-FCDD-4445-A047-5443BA342D2B}.Debug|Any CPU.ActiveCfg = Debug|Any CPU
		{A3AAED46-FCDD-4445-A047-5443BA342D2B}.Debug|Any CPU.Build.0 = Debug|Any CPU
		{A3AAED46-FCDD-4445-A047-5443BA342D2B}.Release|Any CPU.ActiveCfg = Release|Any CPU
		{A3AAED46-FCDD-4445-A047-5443BA342D2B}.Release|Any CPU.Build.0 = Release|Any CPU
		{FBE895FE-2B04-404D-ABC6-C2BDDED9EC72}.Debug|Any CPU.ActiveCfg = Debug|Any CPU
		{FBE895FE-2B04-404D-ABC6-C2BDDED9EC72}.Debug|Any CPU.Build.0 = Debug|Any CPU
		{FBE895FE-2B04-404D-ABC6-C2BDDED9EC72}.Release|Any CPU.ActiveCfg = Release|Any CPU
		{FBE895FE-2B04-404D-ABC6-C2BDDED9EC72}.Release|Any CPU.Build.0 = Release|Any CPU
		{88E89C69-139C-4F46-9EC5-FF6236C0E5B0}.Debug|Any CPU.ActiveCfg = Debug|Any CPU
		{88E89C69-139C-4F46-9EC5-FF6236C0E5B0}.Debug|Any CPU.Build.0 = Debug|Any CPU
		{88E89C69-139C-4F46-9EC5-FF6236C0E5B0}.Release|Any CPU.ActiveCfg = Release|Any CPU
		{88E89C69-139C-4F46-9EC5-FF6236C0E5B0}.Release|Any CPU.Build.0 = Release|Any CPU
		{61CEE94D-CB4B-4CB6-8767-F4C6D6B2ED7A}.Debug|Any CPU.ActiveCfg = Debug|Any CPU
		{61CEE94D-CB4B-4CB6-8767-F4C6D6B2ED7A}.Debug|Any CPU.Build.0 = Debug|Any CPU
		{61CEE94D-CB4B-4CB6-8767-F4C6D6B2ED7A}.Release|Any CPU.ActiveCfg = Release|Any CPU
		{61CEE94D-CB4B-4CB6-8767-F4C6D6B2ED7A}.Release|Any CPU.Build.0 = Release|Any CPU
		{3B655B7A-CB62-41FA-93B9-9094C46297B5}.Debug|Any CPU.ActiveCfg = Debug|Any CPU
		{3B655B7A-CB62-41FA-93B9-9094C46297B5}.Debug|Any CPU.Build.0 = Debug|Any CPU
		{3B655B7A-CB62-41FA-93B9-9094C46297B5}.Release|Any CPU.ActiveCfg = Release|Any CPU
		{3B655B7A-CB62-41FA-93B9-9094C46297B5}.Release|Any CPU.Build.0 = Release|Any CPU
		{E0F9596E-0478-46C2-A2CB-EDFAB541633C}.Debug|Any CPU.ActiveCfg = Debug|Any CPU
		{E0F9596E-0478-46C2-A2CB-EDFAB541633C}.Debug|Any CPU.Build.0 = Debug|Any CPU
		{E0F9596E-0478-46C2-A2CB-EDFAB541633C}.Release|Any CPU.ActiveCfg = Release|Any CPU
		{E0F9596E-0478-46C2-A2CB-EDFAB541633C}.Release|Any CPU.Build.0 = Release|Any CPU
		{9D11CD01-A331-4E52-8027-5AB8DE2AE4A9}.Debug|Any CPU.ActiveCfg = Debug|Any CPU
		{9D11CD01-A331-4E52-8027-5AB8DE2AE4A9}.Debug|Any CPU.Build.0 = Debug|Any CPU
		{9D11CD01-A331-4E52-8027-5AB8DE2AE4A9}.Release|Any CPU.ActiveCfg = Release|Any CPU
		{9D11CD01-A331-4E52-8027-5AB8DE2AE4A9}.Release|Any CPU.Build.0 = Release|Any CPU
		{00B21CE3-49E0-49E3-B156-CDB84197AC9F}.Debug|Any CPU.ActiveCfg = Debug|Any CPU
		{00B21CE3-49E0-49E3-B156-CDB84197AC9F}.Debug|Any CPU.Build.0 = Debug|Any CPU
		{00B21CE3-49E0-49E3-B156-CDB84197AC9F}.Release|Any CPU.ActiveCfg = Release|Any CPU
		{00B21CE3-49E0-49E3-B156-CDB84197AC9F}.Release|Any CPU.Build.0 = Release|Any CPU
		{678435D5-FCF6-4F74-A77D-94ADC891E094}.Debug|Any CPU.ActiveCfg = Debug|Any CPU
		{678435D5-FCF6-4F74-A77D-94ADC891E094}.Debug|Any CPU.Build.0 = Debug|Any CPU
		{678435D5-FCF6-4F74-A77D-94ADC891E094}.Release|Any CPU.ActiveCfg = Release|Any CPU
		{678435D5-FCF6-4F74-A77D-94ADC891E094}.Release|Any CPU.Build.0 = Release|Any CPU
		{AE6C71F6-C8AB-422B-9E92-A0E20D803B4E}.Debug|Any CPU.ActiveCfg = Debug|Any CPU
		{AE6C71F6-C8AB-422B-9E92-A0E20D803B4E}.Debug|Any CPU.Build.0 = Debug|Any CPU
		{AE6C71F6-C8AB-422B-9E92-A0E20D803B4E}.Release|Any CPU.ActiveCfg = Release|Any CPU
		{AE6C71F6-C8AB-422B-9E92-A0E20D803B4E}.Release|Any CPU.Build.0 = Release|Any CPU
	EndGlobalSection
	GlobalSection(SolutionProperties) = preSolution
		HideSolutionNode = FALSE
	EndGlobalSection
	GlobalSection(ExtensibilityGlobals) = postSolution
		SolutionGuid = {F0477503-4CFB-44CE-B763-8EF7EBF9B4B5}
	EndGlobalSection
EndGlobal
